
Microsoft Visual Studio Solution File, Format Version 12.00
# Visual Studio Version 17
VisualStudioVersion = 17.3.32922.545
MinimumVisualStudioVersion = 10.0.40219.1
Project("{FAE04EC0-301F-11D3-BF4B-00C04F79EFBC}") = "CRUD_ANG", "CRUD_ANG\CRUD_ANG.csproj", "{4D784484-AFFC-4D6D-AB03-CBC615BC93A4}"
EndProject
Global
	GlobalSection(SolutionConfigurationPlatforms) = preSolution
		Debug|Any CPU = Debug|Any CPU
		Release|Any CPU = Release|Any CPU
	EndGlobalSection
	GlobalSection(ProjectConfigurationPlatforms) = postSolution
		{4D784484-AFFC-4D6D-AB03-CBC615BC93A4}.Debug|Any CPU.ActiveCfg = Debug|Any CPU
		{4D784484-AFFC-4D6D-AB03-CBC615BC93A4}.Debug|Any CPU.Build.0 = Debug|Any CPU
		{4D784484-AFFC-4D6D-AB03-CBC615BC93A4}.Release|Any CPU.ActiveCfg = Release|Any CPU
		{4D784484-AFFC-4D6D-AB03-CBC615BC93A4}.Release|Any CPU.Build.0 = Release|Any CPU
	EndGlobalSection
	GlobalSection(SolutionProperties) = preSolution
		HideSolutionNode = FALSE
	EndGlobalSection
	GlobalSection(ExtensibilityGlobals) = postSolution
		SolutionGuid = {63A4037B-A47E-404B-A76C-6AD28FFD4166}
	EndGlobalSection
EndGlobal
